
Microsoft Visual Studio Solution File, Format Version 12.00
Project("{FAE04EC0-301F-11D3-BF4B-00C04F79EFBC}") = "ESTROLANG", "ESTROLANG.csproj", "{5758C709-9D78-4346-BCF5-D4D532B91B58}"
EndProject
Global
	GlobalSection(SolutionConfigurationPlatforms) = preSolution
		Debug|Any CPU = Debug|Any CPU
		Release|Any CPU = Release|Any CPU
	EndGlobalSection
	GlobalSection(ProjectConfigurationPlatforms) = postSolution
		{5758C709-9D78-4346-BCF5-D4D532B91B58}.Debug|Any CPU.ActiveCfg = Debug|Any CPU
		{5758C709-9D78-4346-BCF5-D4D532B91B58}.Debug|Any CPU.Build.0 = Debug|Any CPU
		{5758C709-9D78-4346-BCF5-D4D532B91B58}.Release|Any CPU.ActiveCfg = Release|Any CPU
		{5758C709-9D78-4346-BCF5-D4D532B91B58}.Release|Any CPU.Build.0 = Release|Any CPU
	EndGlobalSection
EndGlobal
